
Microsoft Visual Studio Solution File, Format Version 12.00
# Visual Studio Version 16
VisualStudioVersion = 16.0.32510.428
MinimumVisualStudioVersion = 10.0.40219.1
Project("{9A19103F-16F7-4668-BE54-9A1E7A4F7556}") = "TankProgrammer", "TankProgrammer.csproj", "{BA78A2B4-91CF-4F61-8ED4-C5C2D4FCDFF9}"
EndProject
Project("{F2A71F9B-5D33-465A-A702-920D77279786}") = "SuperCasualFS", "SuperCasualFS\SuperCasualFS.fsproj", "{3890A919-29D4-4A3C-B538-173929B33926}"
EndProject
Global
	GlobalSection(SolutionConfigurationPlatforms) = preSolution
		Debug|Any CPU = Debug|Any CPU
		ExportDebug|Any CPU = ExportDebug|Any CPU
		ExportRelease|Any CPU = ExportRelease|Any CPU
		Release|Any CPU = Release|Any CPU
	EndGlobalSection
	GlobalSection(ProjectConfigurationPlatforms) = postSolution
		{BA78A2B4-91CF-4F61-8ED4-C5C2D4FCDFF9}.Debug|Any CPU.ActiveCfg = Debug|Any CPU
		{BA78A2B4-91CF-4F61-8ED4-C5C2D4FCDFF9}.Debug|Any CPU.Build.0 = Debug|Any CPU
		{BA78A2B4-91CF-4F61-8ED4-C5C2D4FCDFF9}.ExportDebug|Any CPU.ActiveCfg = ExportDebug|Any CPU
		{BA78A2B4-91CF-4F61-8ED4-C5C2D4FCDFF9}.ExportDebug|Any CPU.Build.0 = ExportDebug|Any CPU
		{BA78A2B4-91CF-4F61-8ED4-C5C2D4FCDFF9}.ExportRelease|Any CPU.ActiveCfg = ExportRelease|Any CPU
		{BA78A2B4-91CF-4F61-8ED4-C5C2D4FCDFF9}.ExportRelease|Any CPU.Build.0 = ExportRelease|Any CPU
		{BA78A2B4-91CF-4F61-8ED4-C5C2D4FCDFF9}.Release|Any CPU.ActiveCfg = ExportRelease|Any CPU
		{BA78A2B4-91CF-4F61-8ED4-C5C2D4FCDFF9}.Release|Any CPU.Build.0 = ExportRelease|Any CPU
		{3890A919-29D4-4A3C-B538-173929B33926}.Debug|Any CPU.ActiveCfg = Debug|Any CPU
		{3890A919-29D4-4A3C-B538-173929B33926}.Debug|Any CPU.Build.0 = Debug|Any CPU
		{3890A919-29D4-4A3C-B538-173929B33926}.ExportDebug|Any CPU.ActiveCfg = Debug|Any CPU
		{3890A919-29D4-4A3C-B538-173929B33926}.ExportDebug|Any CPU.Build.0 = Debug|Any CPU
		{3890A919-29D4-4A3C-B538-173929B33926}.ExportRelease|Any CPU.ActiveCfg = Release|Any CPU
		{3890A919-29D4-4A3C-B538-173929B33926}.ExportRelease|Any CPU.Build.0 = Release|Any CPU
		{3890A919-29D4-4A3C-B538-173929B33926}.Release|Any CPU.ActiveCfg = Release|Any CPU
		{3890A919-29D4-4A3C-B538-173929B33926}.Release|Any CPU.Build.0 = Release|Any CPU
	EndGlobalSection
	GlobalSection(SolutionProperties) = preSolution
		HideSolutionNode = FALSE
	EndGlobalSection
	GlobalSection(ExtensibilityGlobals) = postSolution
		SolutionGuid = {E855198B-CD3A-41D0-A453-FD76CCE92EEE}
	EndGlobalSection
EndGlobal
